// !$*UTF8*$!
{
	archiveVersion = 1;
	classes = {
	};
	objectVersion = 56;
	objects = {

/* Begin PBXBuildFile section */
		A00000000000000000000011 /* PawApp.swift in Sources */ = {isa = PBXBuildFile; fileRef = A00000000000000000000003 /* PawApp.swift */; };
		A00000000000000000000012 /* ContentView.swift in Sources */ = {isa = PBXBuildFile; fileRef = A00000000000000000000004 /* ContentView.swift */; };
		A00000000000000000000013 /* PawCoreManager.swift in Sources */ = {isa = PBXBuildFile; fileRef = A00000000000000000000005 /* PawCoreManager.swift */; };
		A00000000000000000000014 /* Assets.xcassets in Resources */ = {isa = PBXBuildFile; fileRef = A00000000000000000000006 /* Assets.xcassets */; };
		A00000000000000000000015 /* PawTests.swift in Sources */ = {isa = PBXBuildFile; fileRef = A00000000000000000000008 /* PawTests.swift */; };
		A00000000000000000000040 /* PawTheme.swift in Sources */ = {isa = PBXBuildFile; fileRef = A00000000000000000000041 /* PawTheme.swift */; };
		A00000000000000000000042 /* PawTypography.swift in Sources */ = {isa = PBXBuildFile; fileRef = A00000000000000000000043 /* PawTypography.swift */; };
		A00000000000000000000044 /* PawBootstrapModels.swift in Sources */ = {isa = PBXBuildFile; fileRef = A00000000000000000000045 /* PawBootstrapModels.swift */; };
		A00000000000000000000046 /* PawBootstrapView.swift in Sources */ = {isa = PBXBuildFile; fileRef = A00000000000000000000047 /* PawBootstrapView.swift */; };
/* End PBXBuildFile section */

/* Begin PBXFileReference section */
		A00000000000000000000003 /* PawApp.swift */ = {isa = PBXFileReference; lastKnownFileType = sourcecode.swift; path = PawApp.swift; sourceTree = "<group>"; };
		A00000000000000000000004 /* ContentView.swift */ = {isa = PBXFileReference; lastKnownFileType = sourcecode.swift; path = ContentView.swift; sourceTree = "<group>"; };
		A00000000000000000000005 /* PawCoreManager.swift */ = {isa = PBXFileReference; lastKnownFileType = sourcecode.swift; path = PawCoreManager.swift; sourceTree = "<group>"; };
		A00000000000000000000006 /* Assets.xcassets */ = {isa = PBXFileReference; lastKnownFileType = folder.assetcatalog; path = Assets.xcassets; sourceTree = "<group>"; };
		A00000000000000000000007 /* Paw.app */ = {isa = PBXFileReference; explicitFileType = wrapper.application; includeInIndex = 0; path = Paw.app; sourceTree = BUILT_PRODUCTS_DIR; };
		A00000000000000000000008 /* PawTests.swift */ = {isa = PBXFileReference; lastKnownFileType = sourcecode.swift; path = PawTests.swift; sourceTree = "<group>"; };
		A00000000000000000000009 /* PawTests.xctest */ = {isa = PBXFileReference; explicitFileType = wrapper.cfbundle; includeInIndex = 0; path = PawTests.xctest; sourceTree = BUILT_PRODUCTS_DIR; };
		A00000000000000000000041 /* PawTheme.swift */ = {isa = PBXFileReference; lastKnownFileType = sourcecode.swift; path = PawTheme.swift; sourceTree = "<group>"; };
		A00000000000000000000043 /* PawTypography.swift */ = {isa = PBXFileReference; lastKnownFileType = sourcecode.swift; path = PawTypography.swift; sourceTree = "<group>"; };
		A00000000000000000000045 /* PawBootstrapModels.swift */ = {isa = PBXFileReference; lastKnownFileType = sourcecode.swift; path = PawBootstrapModels.swift; sourceTree = "<group>"; };
		A00000000000000000000047 /* PawBootstrapView.swift */ = {isa = PBXFileReference; lastKnownFileType = sourcecode.swift; path = PawBootstrapView.swift; sourceTree = "<group>"; };
/* End PBXFileReference section */

/* Begin PBXFrameworksBuildPhase section */
		A00000000000000000000016 /* Frameworks */ = {isa = PBXFrameworksBuildPhase; buildActionMask = 2147483647; files = (); runOnlyForDeploymentPostprocessing = 0; };
		A00000000000000000000017 /* Frameworks */ = {isa = PBXFrameworksBuildPhase; buildActionMask = 2147483647; files = (); runOnlyForDeploymentPostprocessing = 0; };
/* End PBXFrameworksBuildPhase section */

/* Begin PBXGroup section */
		A00000000000000000000018 = {
			isa = PBXGroup;
			children = (
				A00000000000000000000019 /* Paw */,
				A0000000000000000000001A /* PawTests */,
				A0000000000000000000001B /* Products */,
			);
			sourceTree = "<group>";
		};
		A00000000000000000000019 /* Paw */ = {
			isa = PBXGroup;
			path = Paw;
			sourceTree = "<group>";
			children = (
				A00000000000000000000003 /* PawApp.swift */,
				A00000000000000000000004 /* ContentView.swift */,
				A00000000000000000000005 /* PawCoreManager.swift */,
				A00000000000000000000041 /* PawTheme.swift */,
				A00000000000000000000043 /* PawTypography.swift */,
				A00000000000000000000045 /* PawBootstrapModels.swift */,
				A00000000000000000000047 /* PawBootstrapView.swift */,
				A00000000000000000000006 /* Assets.xcassets */,
			);
		};
		A0000000000000000000001A /* PawTests */ = {
			isa = PBXGroup;
			path = PawTests;
			sourceTree = "<group>";
			children = (
				A00000000000000000000008 /* PawTests.swift */,
			);
		};
		A0000000000000000000001B /* Products */ = {
			isa = PBXGroup;
			children = (
				A00000000000000000000007 /* Paw.app */,
				A00000000000000000000009 /* PawTests.xctest */,
			);
			name = Products;
			sourceTree = "<group>";
		};
/* End PBXGroup section */

/* Begin PBXNativeTarget section */
		A00000000000000000000001 /* Paw */ = {
			isa = PBXNativeTarget;
			buildConfigurationList = A00000000000000000000021 /* Build configuration list for PBXNativeTarget "Paw" */;
			buildPhases = (
				A00000000000000000000022 /* Sources */,
				A00000000000000000000016 /* Frameworks */,
				A00000000000000000000023 /* Resources */,
			);
			buildRules = ();
			dependencies = ();
			name = Paw;
			productName = Paw;
			productReference = A00000000000000000000007 /* Paw.app */;
			productType = "com.apple.product-type.application";
		};
		A00000000000000000000002 /* PawTests */ = {
			isa = PBXNativeTarget;
			buildConfigurationList = A00000000000000000000024 /* Build configuration list for PBXNativeTarget "PawTests" */;
			buildPhases = (
				A00000000000000000000025 /* Sources */,
				A00000000000000000000017 /* Frameworks */,
			);
			buildRules = ();
			dependencies = (
				A00000000000000000000026 /* PBXTargetDependency */,
			);
			name = PawTests;
			productName = PawTests;
			productReference = A00000000000000000000009 /* PawTests.xctest */;
			productType = "com.apple.product-type.bundle.unit-test";
		};
/* End PBXNativeTarget section */

/* Begin PBXProject section */
		A00000000000000000000027 /* Project object */ = {
			isa = PBXProject;
			attributes = {
				BuildIndependentTargetsInParallel = 1;
				LastSwiftUpdateCheck = 2600;
				LastUpgradeCheck = 2600;
				TargetAttributes = {
					A00000000000000000000001 = {
						CreatedOnToolsVersion = 16.0;
					};
					A00000000000000000000002 = {
						CreatedOnToolsVersion = 16.0;
						TestTargetID = A00000000000000000000001;
					};
				};
			};
			buildConfigurationList = A00000000000000000000028 /* Build configuration list for PBXProject "Paw" */;
			compatibilityVersion = "Xcode 14.0";
			developmentRegion = en;
			hasScannedForEncodings = 0;
			knownRegions = (
				en,
				Base,
			);
			mainGroup = A00000000000000000000018;
			productRefGroup = A0000000000000000000001B /* Products */;
			projectDirPath = "";
			projectRoot = "";
			targets = (
				A00000000000000000000001 /* Paw */,
				A00000000000000000000002 /* PawTests */,
			);
		};
/* End PBXProject section */

/* Begin PBXResourcesBuildPhase section */
		A00000000000000000000023 /* Resources */ = {
			isa = PBXResourcesBuildPhase;
			buildActionMask = 2147483647;
			files = (
				A00000000000000000000014 /* Assets.xcassets in Resources */,
			);
			runOnlyForDeploymentPostprocessing = 0;
		};
/* End PBXResourcesBuildPhase section */

/* Begin PBXSourcesBuildPhase section */
		A00000000000000000000022 /* Sources */ = {
			isa = PBXSourcesBuildPhase;
			buildActionMask = 2147483647;
			files = (
				A00000000000000000000011 /* PawApp.swift in Sources */,
				A00000000000000000000012 /* ContentView.swift in Sources */,
				A00000000000000000000013 /* PawCoreManager.swift in Sources */,
				A00000000000000000000040 /* PawTheme.swift in Sources */,
				A00000000000000000000042 /* PawTypography.swift in Sources */,
				A00000000000000000000044 /* PawBootstrapModels.swift in Sources */,
				A00000000000000000000046 /* PawBootstrapView.swift in Sources */,
			);
			runOnlyForDeploymentPostprocessing = 0;
		};
		A00000000000000000000025 /* Sources */ = {
			isa = PBXSourcesBuildPhase;
			buildActionMask = 2147483647;
			files = (
				A00000000000000000000015 /* PawTests.swift in Sources */,
			);
			runOnlyForDeploymentPostprocessing = 0;
		};
/* End PBXSourcesBuildPhase section */

/* Begin PBXTargetDependency section */
		A00000000000000000000026 /* PBXTargetDependency */ = {isa = PBXTargetDependency; target = A00000000000000000000001 /* Paw */; targetProxy = A00000000000000000000029 /* PBXContainerItemProxy */; };
/* End PBXTargetDependency section */

/* Begin PBXContainerItemProxy section */
		A00000000000000000000029 /* PBXContainerItemProxy */ = {
			isa = PBXContainerItemProxy;
			containerPortal = A00000000000000000000027 /* Project object */;
			proxyType = 1;
			remoteGlobalIDString = A00000000000000000000001;
			remoteInfo = Paw;
		};
/* End PBXContainerItemProxy section */

/* Begin XCBuildConfiguration section */
		A0000000000000000000002A /* Debug */ = {
			isa = XCBuildConfiguration;
			buildSettings = {
				ALWAYS_SEARCH_USER_PATHS = NO;
				CLANG_ENABLE_MODULES = YES;
				CLANG_ENABLE_OBJC_ARC = YES;
				CLANG_WARN_DOCUMENTATION_COMMENTS = YES;
				CLANG_WARN_QUOTED_INCLUDE_IN_FRAMEWORK_HEADER = YES;
				COPY_PHASE_STRIP = NO;
				DEVELOPMENT_TEAM = "";
				ENABLE_STRICT_OBJC_MSGSEND = YES;
				ENABLE_TESTABILITY = YES;
				GCC_C_LANGUAGE_STANDARD = gnu17;
				GCC_NO_COMMON_BLOCKS = YES;
				GCC_WARN_64_TO_32_BIT_CONVERSION = YES;
				GCC_WARN_ABOUT_RETURN_TYPE = YES_ERROR;
				GCC_WARN_UNDECLARED_SELECTOR = YES;
				GCC_WARN_UNINITIALIZED_AUTOS = YES_AGGRESSIVE;
				GCC_WARN_UNUSED_FUNCTION = YES;
				GCC_WARN_UNUSED_VARIABLE = YES;
				IPHONEOS_DEPLOYMENT_TARGET = 16.0;
				MTL_ENABLE_DEBUG_INFO = INCLUDE_SOURCE;
				ONLY_ACTIVE_ARCH = YES;
				SDKROOT = iphoneos;
				SWIFT_ACTIVE_COMPILATION_CONDITIONS = DEBUG;
				SWIFT_OPTIMIZATION_LEVEL = "-Onone";
			};
			name = Debug;
		};
		A0000000000000000000002B /* Release */ = {
			isa = XCBuildConfiguration;
			buildSettings = {
				ALWAYS_SEARCH_USER_PATHS = NO;
				CLANG_ENABLE_MODULES = YES;
				CLANG_ENABLE_OBJC_ARC = YES;
				CLANG_WARN_DOCUMENTATION_COMMENTS = YES;
				CLANG_WARN_QUOTED_INCLUDE_IN_FRAMEWORK_HEADER = YES;
				COPY_PHASE_STRIP = NO;
				DEVELOPMENT_TEAM = "";
				ENABLE_NS_ASSERTIONS = NO;
				ENABLE_STRICT_OBJC_MSGSEND = YES;
				GCC_C_LANGUAGE_STANDARD = gnu17;
				GCC_NO_COMMON_BLOCKS = YES;
				GCC_WARN_64_TO_32_BIT_CONVERSION = YES;
				GCC_WARN_ABOUT_RETURN_TYPE = YES_ERROR;
				GCC_WARN_UNDECLARED_SELECTOR = YES;
				GCC_WARN_UNINITIALIZED_AUTOS = YES_AGGRESSIVE;
				GCC_WARN_UNUSED_FUNCTION = YES;
				GCC_WARN_UNUSED_VARIABLE = YES;
				IPHONEOS_DEPLOYMENT_TARGET = 16.0;
				MTL_ENABLE_DEBUG_INFO = NO;
				SDKROOT = iphoneos;
				SWIFT_COMPILATION_MODE = wholemodule;
				VALIDATE_PRODUCT = YES;
			};
			name = Release;
		};
		A0000000000000000000002C /* Debug */ = {
			isa = XCBuildConfiguration;
			buildSettings = {
				ASSETCATALOG_COMPILER_APPICON_NAME = AppIcon;
				CODE_SIGNING_ALLOWED = NO;
				CODE_SIGNING_REQUIRED = NO;
				CURRENT_PROJECT_VERSION = 1;
				GENERATE_INFOPLIST_FILE = YES;
				INFOPLIST_KEY_CFBundleDisplayName = Paw;
				INFOPLIST_KEY_UIApplicationSceneManifest_Generation = YES;
				INFOPLIST_KEY_UIApplicationSupportsIndirectInputEvents = YES;
				INFOPLIST_KEY_UILaunchScreen_Generation = YES;
				INFOPLIST_KEY_UISupportedInterfaceOrientations_iPad = "UIInterfaceOrientationPortrait UIInterfaceOrientationPortraitUpsideDown UIInterfaceOrientationLandscapeLeft UIInterfaceOrientationLandscapeRight";
				INFOPLIST_KEY_UISupportedInterfaceOrientations_iPhone = "UIInterfaceOrientationPortrait UIInterfaceOrientationLandscapeLeft UIInterfaceOrientationLandscapeRight";
				IPHONEOS_DEPLOYMENT_TARGET = 16.0;
				LD_RUNPATH_SEARCH_PATHS = "@executable_path/Frameworks";
				MARKETING_VERSION = 0.1.0;
				PRODUCT_BUNDLE_IDENTIFIER = dev.paw.app;
				PRODUCT_NAME = "$(TARGET_NAME)";
				SDKROOT = iphoneos;
				SUPPORTED_PLATFORMS = "iphoneos iphonesimulator";
				SWIFT_EMIT_LOC_STRINGS = YES;
				SWIFT_VERSION = 5.0;
				TARGETED_DEVICE_FAMILY = "1,2";
			};
			name = Debug;
		};
		A0000000000000000000002D /* Release */ = {
			isa = XCBuildConfiguration;
			buildSettings = {
				ASSETCATALOG_COMPILER_APPICON_NAME = AppIcon;
				CODE_SIGNING_ALLOWED = NO;
				CODE_SIGNING_REQUIRED = NO;
				CURRENT_PROJECT_VERSION = 1;
				GENERATE_INFOPLIST_FILE = YES;
				INFOPLIST_KEY_CFBundleDisplayName = Paw;
				INFOPLIST_KEY_UIApplicationSceneManifest_Generation = YES;
				INFOPLIST_KEY_UIApplicationSupportsIndirectInputEvents = YES;
				INFOPLIST_KEY_UILaunchScreen_Generation = YES;
				INFOPLIST_KEY_UISupportedInterfaceOrientations_iPad = "UIInterfaceOrientationPortrait UIInterfaceOrientationPortraitUpsideDown UIInterfaceOrientationLandscapeLeft UIInterfaceOrientationLandscapeRight";
				INFOPLIST_KEY_UISupportedInterfaceOrientations_iPhone = "UIInterfaceOrientationPortrait UIInterfaceOrientationLandscapeLeft UIInterfaceOrientationLandscapeRight";
				IPHONEOS_DEPLOYMENT_TARGET = 16.0;
				LD_RUNPATH_SEARCH_PATHS = "@executable_path/Frameworks";
				MARKETING_VERSION = 0.1.0;
				PRODUCT_BUNDLE_IDENTIFIER = dev.paw.app;
				PRODUCT_NAME = "$(TARGET_NAME)";
				SDKROOT = iphoneos;
				SUPPORTED_PLATFORMS = "iphoneos iphonesimulator";
				SWIFT_EMIT_LOC_STRINGS = YES;
				SWIFT_VERSION = 5.0;
				TARGETED_DEVICE_FAMILY = "1,2";
			};
			name = Release;
		};
		A0000000000000000000002E /* Debug */ = {
			isa = XCBuildConfiguration;
			buildSettings = {
				BUNDLE_LOADER = "$(TEST_HOST)";
				CODE_SIGNING_ALLOWED = NO;
				CODE_SIGNING_REQUIRED = NO;
				GENERATE_INFOPLIST_FILE = YES;
				IPHONEOS_DEPLOYMENT_TARGET = 16.0;
				PRODUCT_BUNDLE_IDENTIFIER = dev.paw.app.tests;
				PRODUCT_NAME = "$(TARGET_NAME)";
				SDKROOT = iphoneos;
				SUPPORTED_PLATFORMS = "iphoneos iphonesimulator";
				SWIFT_VERSION = 5.0;
				TEST_HOST = "$(BUILT_PRODUCTS_DIR)/Paw.app/Paw";
			};
			name = Debug;
		};
		A0000000000000000000002F /* Release */ = {
			isa = XCBuildConfiguration;
			buildSettings = {
				BUNDLE_LOADER = "$(TEST_HOST)";
				CODE_SIGNING_ALLOWED = NO;
				CODE_SIGNING_REQUIRED = NO;
				GENERATE_INFOPLIST_FILE = YES;
				IPHONEOS_DEPLOYMENT_TARGET = 16.0;
				PRODUCT_BUNDLE_IDENTIFIER = dev.paw.app.tests;
				PRODUCT_NAME = "$(TARGET_NAME)";
				SDKROOT = iphoneos;
				SUPPORTED_PLATFORMS = "iphoneos iphonesimulator";
				SWIFT_VERSION = 5.0;
				TEST_HOST = "$(BUILT_PRODUCTS_DIR)/Paw.app/Paw";
			};
			name = Release;
		};
/* End XCBuildConfiguration section */

/* Begin XCConfigurationList section */
		A00000000000000000000028 /* Build configuration list for PBXProject "Paw" */ = {
			isa = XCConfigurationList;
			buildConfigurations = (
				A0000000000000000000002A /* Debug */,
				A0000000000000000000002B /* Release */,
			);
			defaultConfigurationIsVisible = 0;
			defaultConfigurationName = Release;
		};
		A00000000000000000000021 /* Build configuration list for PBXNativeTarget "Paw" */ = {
			isa = XCConfigurationList;
			buildConfigurations = (
				A0000000000000000000002C /* Debug */,
				A0000000000000000000002D /* Release */,
			);
			defaultConfigurationIsVisible = 0;
			defaultConfigurationName = Release;
		};
		A00000000000000000000024 /* Build configuration list for PBXNativeTarget "PawTests" */ = {
			isa = XCConfigurationList;
			buildConfigurations = (
				A0000000000000000000002E /* Debug */,
				A0000000000000000000002F /* Release */,
			);
			defaultConfigurationIsVisible = 0;
			defaultConfigurationName = Release;
		};
/* End XCConfigurationList section */
	};
	rootObject = A00000000000000000000027 /* Project object */;
}
